// !$*UTF8*$!
{
	archiveVersion = 1;
	classes = {
	};
	objectVersion = 51;
	objects = {

/* Begin PBXBuildFile section */
		3A3B82336692093B65B86C92 /* Pods_ChatAppWithFirebaseTests.framework in Frameworks */ = {isa = PBXBuildFile; fileRef = 052C2D4C538F758D467B5257 /* Pods_ChatAppWithFirebaseTests.framework */; };
		499227DE6CB06820AFC28414 /* Pods_ChatAppWithFirebase_ChatAppWithFirebaseUITests.framework in Frameworks */ = {isa = PBXBuildFile; fileRef = F81A80569A92D605D6354011 /* Pods_ChatAppWithFirebase_ChatAppWithFirebaseUITests.framework */; };
		B07DC3E12668C19A00EBEFAF /* AppDelegate.swift in Sources */ = {isa = PBXBuildFile; fileRef = B07DC3E02668C19A00EBEFAF /* AppDelegate.swift */; };
		B07DC3E32668C19A00EBEFAF /* SceneDelegate.swift in Sources */ = {isa = PBXBuildFile; fileRef = B07DC3E22668C19A00EBEFAF /* SceneDelegate.swift */; };
		B07DC3EA2668C19F00EBEFAF /* Assets.xcassets in Resources */ = {isa = PBXBuildFile; fileRef = B07DC3E92668C19F00EBEFAF /* Assets.xcassets */; };
		B07DC3ED2668C19F00EBEFAF /* LaunchScreen.storyboard in Resources */ = {isa = PBXBuildFile; fileRef = B07DC3EB2668C19F00EBEFAF /* LaunchScreen.storyboard */; };
		B07DC3F82668C1A000EBEFAF /* ChatAppWithFirebaseTests.swift in Sources */ = {isa = PBXBuildFile; fileRef = B07DC3F72668C1A000EBEFAF /* ChatAppWithFirebaseTests.swift */; };
		B07DC4032668C1A000EBEFAF /* ChatAppWithFirebaseUITests.swift in Sources */ = {isa = PBXBuildFile; fileRef = B07DC4022668C1A000EBEFAF /* ChatAppWithFirebaseUITests.swift */; };
		B07DC4112668C1D900EBEFAF /* ChatList.storyboard in Resources */ = {isa = PBXBuildFile; fileRef = B07DC4102668C1D900EBEFAF /* ChatList.storyboard */; };
		B07DC4132668C2AD00EBEFAF /* ChatListViewController.swift in Sources */ = {isa = PBXBuildFile; fileRef = B07DC4122668C2AD00EBEFAF /* ChatListViewController.swift */; };
		B07DC417266A17C400EBEFAF /* UIColorExtention.swift in Sources */ = {isa = PBXBuildFile; fileRef = B07DC416266A17C400EBEFAF /* UIColorExtention.swift */; };
		B07DC419266A1ABD00EBEFAF /* ChatRoom.storyboard in Resources */ = {isa = PBXBuildFile; fileRef = B07DC418266A1ABD00EBEFAF /* ChatRoom.storyboard */; };
		B07DC41B266A1B3E00EBEFAF /* ChatRoomViewController.swift in Sources */ = {isa = PBXBuildFile; fileRef = B07DC41A266A1B3E00EBEFAF /* ChatRoomViewController.swift */; };
		B07DC41D266A1EF700EBEFAF /* ChatRoomTableViewCell.xib in Resources */ = {isa = PBXBuildFile; fileRef = B07DC41C266A1EF700EBEFAF /* ChatRoomTableViewCell.xib */; };
		B07DC41F266A20C800EBEFAF /* ChatRoomTableViewCell.swift in Sources */ = {isa = PBXBuildFile; fileRef = B07DC41E266A20C800EBEFAF /* ChatRoomTableViewCell.swift */; };
		B07DC424266B531400EBEFAF /* ChatInputAccessoryView.xib in Resources */ = {isa = PBXBuildFile; fileRef = B07DC423266B531400EBEFAF /* ChatInputAccessoryView.xib */; };
		B07DC426266B54F000EBEFAF /* ChatInputAccessoryView.swift in Sources */ = {isa = PBXBuildFile; fileRef = B07DC425266B54F000EBEFAF /* ChatInputAccessoryView.swift */; };
		B07DC428266C510F00EBEFAF /* GoogleService-Info.plist in Resources */ = {isa = PBXBuildFile; fileRef = B07DC427266C510E00EBEFAF /* GoogleService-Info.plist */; };
		B07DC42A266C54A200EBEFAF /* SignUp.storyboard in Resources */ = {isa = PBXBuildFile; fileRef = B07DC429266C54A200EBEFAF /* SignUp.storyboard */; };
		B07DC42C266C5B5100EBEFAF /* SignUpViewController.swift in Sources */ = {isa = PBXBuildFile; fileRef = B07DC42B266C5B5100EBEFAF /* SignUpViewController.swift */; };
		B07DC42F266DB24A00EBEFAF /* User.swift in Sources */ = {isa = PBXBuildFile; fileRef = B07DC42E266DB24A00EBEFAF /* User.swift */; };
		B07DC431266E0D4E00EBEFAF /* UserList.storyboard in Resources */ = {isa = PBXBuildFile; fileRef = B07DC430266E0D4E00EBEFAF /* UserList.storyboard */; };
		B07DC433266E0EEA00EBEFAF /* UserListViewController.swift in Sources */ = {isa = PBXBuildFile; fileRef = B07DC432266E0EEA00EBEFAF /* UserListViewController.swift */; };
		B07DC435266EF99500EBEFAF /* ChatRoom.swift in Sources */ = {isa = PBXBuildFile; fileRef = B07DC434266EF99400EBEFAF /* ChatRoom.swift */; };
		B07DC437267045EA00EBEFAF /* Message.swift in Sources */ = {isa = PBXBuildFile; fileRef = B07DC436267045EA00EBEFAF /* Message.swift */; };
		B07DC4392670A2FA00EBEFAF /* Login.storyboard in Resources */ = {isa = PBXBuildFile; fileRef = B07DC4382670A2F800EBEFAF /* Login.storyboard */; };
		B07DC43B2670A4CA00EBEFAF /* LoginViewController.swift in Sources */ = {isa = PBXBuildFile; fileRef = B07DC43A2670A4CA00EBEFAF /* LoginViewController.swift */; };
		FBC74109DD93266A2542FCC3 /* Pods_ChatAppWithFirebase.framework in Frameworks */ = {isa = PBXBuildFile; fileRef = 821BAAC4E25708124DEAA5A0 /* Pods_ChatAppWithFirebase.framework */; };
/* End PBXBuildFile section */

/* Begin PBXContainerItemProxy section */
		B07DC3F42668C1A000EBEFAF /* PBXContainerItemProxy */ = {
			isa = PBXContainerItemProxy;
			containerPortal = B07DC3D52668C19A00EBEFAF /* Project object */;
			proxyType = 1;
			remoteGlobalIDString = B07DC3DC2668C19A00EBEFAF;
			remoteInfo = ChatAppWithFirebase;
		};
		B07DC3FF2668C1A000EBEFAF /* PBXContainerItemProxy */ = {
			isa = PBXContainerItemProxy;
			containerPortal = B07DC3D52668C19A00EBEFAF /* Project object */;
			proxyType = 1;
			remoteGlobalIDString = B07DC3DC2668C19A00EBEFAF;
			remoteInfo = ChatAppWithFirebase;
		};
/* End PBXContainerItemProxy section */

/* Begin PBXFileReference section */
		052C2D4C538F758D467B5257 /* Pods_ChatAppWithFirebaseTests.framework */ = {isa = PBXFileReference; explicitFileType = wrapper.framework; includeInIndex = 0; path = Pods_ChatAppWithFirebaseTests.framework; sourceTree = BUILT_PRODUCTS_DIR; };
		08694FB14BBF41780533811A /* Pods-ChatAppWithFirebase.debug.xcconfig */ = {isa = PBXFileReference; includeInIndex = 1; lastKnownFileType = text.xcconfig; name = "Pods-ChatAppWithFirebase.debug.xcconfig"; path = "Target Support Files/Pods-ChatAppWithFirebase/Pods-ChatAppWithFirebase.debug.xcconfig"; sourceTree = "<group>"; };
		1963C296CEE82BA588242D87 /* Pods-ChatAppWithFirebaseTests.debug.xcconfig */ = {isa = PBXFileReference; includeInIndex = 1; lastKnownFileType = text.xcconfig; name = "Pods-ChatAppWithFirebaseTests.debug.xcconfig"; path = "Target Support Files/Pods-ChatAppWithFirebaseTests/Pods-ChatAppWithFirebaseTests.debug.xcconfig"; sourceTree = "<group>"; };
		50478ED523129F2F98AAEB45 /* Pods-ChatAppWithFirebase-ChatAppWithFirebaseUITests.debug.xcconfig */ = {isa = PBXFileReference; includeInIndex = 1; lastKnownFileType = text.xcconfig; name = "Pods-ChatAppWithFirebase-ChatAppWithFirebaseUITests.debug.xcconfig"; path = "Target Support Files/Pods-ChatAppWithFirebase-ChatAppWithFirebaseUITests/Pods-ChatAppWithFirebase-ChatAppWithFirebaseUITests.debug.xcconfig"; sourceTree = "<group>"; };
		679CB2D3BED674A202846189 /* Pods-ChatAppWithFirebase-ChatAppWithFirebaseUITests.release.xcconfig */ = {isa = PBXFileReference; includeInIndex = 1; lastKnownFileType = text.xcconfig; name = "Pods-ChatAppWithFirebase-ChatAppWithFirebaseUITests.release.xcconfig"; path = "Target Support Files/Pods-ChatAppWithFirebase-ChatAppWithFirebaseUITests/Pods-ChatAppWithFirebase-ChatAppWithFirebaseUITests.release.xcconfig"; sourceTree = "<group>"; };
		821BAAC4E25708124DEAA5A0 /* Pods_ChatAppWithFirebase.framework */ = {isa = PBXFileReference; explicitFileType = wrapper.framework; includeInIndex = 0; path = Pods_ChatAppWithFirebase.framework; sourceTree = BUILT_PRODUCTS_DIR; };
		AC88C15C20D19712C89A07B6 /* Pods-ChatAppWithFirebaseTests.release.xcconfig */ = {isa = PBXFileReference; includeInIndex = 1; lastKnownFileType = text.xcconfig; name = "Pods-ChatAppWithFirebaseTests.release.xcconfig"; path = "Target Support Files/Pods-ChatAppWithFirebaseTests/Pods-ChatAppWithFirebaseTests.release.xcconfig"; sourceTree = "<group>"; };
		B07DC3DD2668C19A00EBEFAF /* ChatAppWithFirebase.app */ = {isa = PBXFileReference; explicitFileType = wrapper.application; includeInIndex = 0; path = ChatAppWithFirebase.app; sourceTree = BUILT_PRODUCTS_DIR; };
		B07DC3E02668C19A00EBEFAF /* AppDelegate.swift */ = {isa = PBXFileReference; lastKnownFileType = sourcecode.swift; path = AppDelegate.swift; sourceTree = "<group>"; };
		B07DC3E22668C19A00EBEFAF /* SceneDelegate.swift */ = {isa = PBXFileReference; lastKnownFileType = sourcecode.swift; path = SceneDelegate.swift; sourceTree = "<group>"; };
		B07DC3E92668C19F00EBEFAF /* Assets.xcassets */ = {isa = PBXFileReference; lastKnownFileType = folder.assetcatalog; path = Assets.xcassets; sourceTree = "<group>"; };
		B07DC3EC2668C19F00EBEFAF /* Base */ = {isa = PBXFileReference; lastKnownFileType = file.storyboard; name = Base; path = Base.lproj/LaunchScreen.storyboard; sourceTree = "<group>"; };
		B07DC3EE2668C19F00EBEFAF /* Info.plist */ = {isa = PBXFileReference; lastKnownFileType = text.plist.xml; path = Info.plist; sourceTree = "<group>"; };
		B07DC3F32668C1A000EBEFAF /* ChatAppWithFirebaseTests.xctest */ = {isa = PBXFileReference; explicitFileType = wrapper.cfbundle; includeInIndex = 0; path = ChatAppWithFirebaseTests.xctest; sourceTree = BUILT_PRODUCTS_DIR; };
		B07DC3F72668C1A000EBEFAF /* ChatAppWithFirebaseTests.swift */ = {isa = PBXFileReference; lastKnownFileType = sourcecode.swift; path = ChatAppWithFirebaseTests.swift; sourceTree = "<group>"; };
		B07DC3F92668C1A000EBEFAF /* Info.plist */ = {isa = PBXFileReference; lastKnownFileType = text.plist.xml; path = Info.plist; sourceTree = "<group>"; };
		B07DC3FE2668C1A000EBEFAF /* ChatAppWithFirebaseUITests.xctest */ = {isa = PBXFileReference; explicitFileType = wrapper.cfbundle; includeInIndex = 0; path = ChatAppWithFirebaseUITests.xctest; sourceTree = BUILT_PRODUCTS_DIR; };
		B07DC4022668C1A000EBEFAF /* ChatAppWithFirebaseUITests.swift */ = {isa = PBXFileReference; lastKnownFileType = sourcecode.swift; path = ChatAppWithFirebaseUITests.swift; sourceTree = "<group>"; };
		B07DC4042668C1A000EBEFAF /* Info.plist */ = {isa = PBXFileReference; lastKnownFileType = text.plist.xml; path = Info.plist; sourceTree = "<group>"; };
		B07DC4102668C1D900EBEFAF /* ChatList.storyboard */ = {isa = PBXFileReference; lastKnownFileType = file.storyboard; path = ChatList.storyboard; sourceTree = "<group>"; };
		B07DC4122668C2AD00EBEFAF /* ChatListViewController.swift */ = {isa = PBXFileReference; lastKnownFileType = sourcecode.swift; path = ChatListViewController.swift; sourceTree = "<group>"; wrapsLines = 1; };
		B07DC416266A17C400EBEFAF /* UIColorExtention.swift */ = {isa = PBXFileReference; lastKnownFileType = sourcecode.swift; path = UIColorExtention.swift; sourceTree = "<group>"; };
		B07DC418266A1ABD00EBEFAF /* ChatRoom.storyboard */ = {isa = PBXFileReference; lastKnownFileType = file.storyboard; path = ChatRoom.storyboard; sourceTree = "<group>"; };
		B07DC41A266A1B3E00EBEFAF /* ChatRoomViewController.swift */ = {isa = PBXFileReference; lastKnownFileType = sourcecode.swift; path = ChatRoomViewController.swift; sourceTree = "<group>"; };
		B07DC41C266A1EF700EBEFAF /* ChatRoomTableViewCell.xib */ = {isa = PBXFileReference; lastKnownFileType = file.xib; path = ChatRoomTableViewCell.xib; sourceTree = "<group>"; };
		B07DC41E266A20C800EBEFAF /* ChatRoomTableViewCell.swift */ = {isa = PBXFileReference; lastKnownFileType = sourcecode.swift; path = ChatRoomTableViewCell.swift; sourceTree = "<group>"; };
		B07DC423266B531400EBEFAF /* ChatInputAccessoryView.xib */ = {isa = PBXFileReference; lastKnownFileType = file.xib; path = ChatInputAccessoryView.xib; sourceTree = "<group>"; };
		B07DC425266B54F000EBEFAF /* ChatInputAccessoryView.swift */ = {isa = PBXFileReference; lastKnownFileType = sourcecode.swift; path = ChatInputAccessoryView.swift; sourceTree = "<group>"; };
		B07DC427266C510E00EBEFAF /* GoogleService-Info.plist */ = {isa = PBXFileReference; fileEncoding = 4; lastKnownFileType = text.plist.xml; path = "GoogleService-Info.plist"; sourceTree = "<group>"; };
		B07DC429266C54A200EBEFAF /* SignUp.storyboard */ = {isa = PBXFileReference; lastKnownFileType = file.storyboard; path = SignUp.storyboard; sourceTree = "<group>"; };
		B07DC42B266C5B5100EBEFAF /* SignUpViewController.swift */ = {isa = PBXFileReference; lastKnownFileType = sourcecode.swift; path = SignUpViewController.swift; sourceTree = "<group>"; };
		B07DC42E266DB24A00EBEFAF /* User.swift */ = {isa = PBXFileReference; lastKnownFileType = sourcecode.swift; path = User.swift; sourceTree = "<group>"; };
		B07DC430266E0D4E00EBEFAF /* UserList.storyboard */ = {isa = PBXFileReference; lastKnownFileType = file.storyboard; path = UserList.storyboard; sourceTree = "<group>"; };
		B07DC432266E0EEA00EBEFAF /* UserListViewController.swift */ = {isa = PBXFileReference; lastKnownFileType = sourcecode.swift; path = UserListViewController.swift; sourceTree = "<group>"; };
		B07DC434266EF99400EBEFAF /* ChatRoom.swift */ = {isa = PBXFileReference; lastKnownFileType = sourcecode.swift; path = ChatRoom.swift; sourceTree = "<group>"; };
		B07DC436267045EA00EBEFAF /* Message.swift */ = {isa = PBXFileReference; lastKnownFileType = sourcecode.swift; path = Message.swift; sourceTree = "<group>"; };
		B07DC4382670A2F800EBEFAF /* Login.storyboard */ = {isa = PBXFileReference; lastKnownFileType = file.storyboard; path = Login.storyboard; sourceTree = "<group>"; };
		B07DC43A2670A4CA00EBEFAF /* LoginViewController.swift */ = {isa = PBXFileReference; lastKnownFileType = sourcecode.swift; path = LoginViewController.swift; sourceTree = "<group>"; };
		D7AD838B1B47E591E8E7CA8B /* Pods-ChatAppWithFirebase.release.xcconfig */ = {isa = PBXFileReference; includeInIndex = 1; lastKnownFileType = text.xcconfig; name = "Pods-ChatAppWithFirebase.release.xcconfig"; path = "Target Support Files/Pods-ChatAppWithFirebase/Pods-ChatAppWithFirebase.release.xcconfig"; sourceTree = "<group>"; };
		F81A80569A92D605D6354011 /* Pods_ChatAppWithFirebase_ChatAppWithFirebaseUITests.framework */ = {isa = PBXFileReference; explicitFileType = wrapper.framework; includeInIndex = 0; path = Pods_ChatAppWithFirebase_ChatAppWithFirebaseUITests.framework; sourceTree = BUILT_PRODUCTS_DIR; };
/* End PBXFileReference section */

/* Begin PBXFrameworksBuildPhase section */
		B07DC3DA2668C19A00EBEFAF /* Frameworks */ = {
			isa = PBXFrameworksBuildPhase;
			buildActionMask = 2147483647;
			files = (
				FBC74109DD93266A2542FCC3 /* Pods_ChatAppWithFirebase.framework in Frameworks */,
			);
			runOnlyForDeploymentPostprocessing = 0;
		};
		B07DC3F02668C1A000EBEFAF /* Frameworks */ = {
			isa = PBXFrameworksBuildPhase;
			buildActionMask = 2147483647;
			files = (
				3A3B82336692093B65B86C92 /* Pods_ChatAppWithFirebaseTests.framework in Frameworks */,
			);
			runOnlyForDeploymentPostprocessing = 0;
		};
		B07DC3FB2668C1A000EBEFAF /* Frameworks */ = {
			isa = PBXFrameworksBuildPhase;
			buildActionMask = 2147483647;
			files = (
				499227DE6CB06820AFC28414 /* Pods_ChatAppWithFirebase_ChatAppWithFirebaseUITests.framework in Frameworks */,
			);
			runOnlyForDeploymentPostprocessing = 0;
		};
/* End PBXFrameworksBuildPhase section */

/* Begin PBXGroup section */
		055880F6BC9B1AB80A6EA27B /* Frameworks */ = {
			isa = PBXGroup;
			children = (
				821BAAC4E25708124DEAA5A0 /* Pods_ChatAppWithFirebase.framework */,
				F81A80569A92D605D6354011 /* Pods_ChatAppWithFirebase_ChatAppWithFirebaseUITests.framework */,
				052C2D4C538F758D467B5257 /* Pods_ChatAppWithFirebaseTests.framework */,
			);
			name = Frameworks;
			sourceTree = "<group>";
		};
		97B1276F0ACB5860CFE8A880 /* Pods */ = {
			isa = PBXGroup;
			children = (
				08694FB14BBF41780533811A /* Pods-ChatAppWithFirebase.debug.xcconfig */,
				D7AD838B1B47E591E8E7CA8B /* Pods-ChatAppWithFirebase.release.xcconfig */,
				50478ED523129F2F98AAEB45 /* Pods-ChatAppWithFirebase-ChatAppWithFirebaseUITests.debug.xcconfig */,
				679CB2D3BED674A202846189 /* Pods-ChatAppWithFirebase-ChatAppWithFirebaseUITests.release.xcconfig */,
				1963C296CEE82BA588242D87 /* Pods-ChatAppWithFirebaseTests.debug.xcconfig */,
				AC88C15C20D19712C89A07B6 /* Pods-ChatAppWithFirebaseTests.release.xcconfig */,
			);
			path = Pods;
			sourceTree = "<group>";
		};
		B07DC3D42668C19A00EBEFAF = {
			isa = PBXGroup;
			children = (
				B07DC3DF2668C19A00EBEFAF /* ChatAppWithFirebase */,
				B07DC3F62668C1A000EBEFAF /* ChatAppWithFirebaseTests */,
				B07DC4012668C1A000EBEFAF /* ChatAppWithFirebaseUITests */,
				B07DC3DE2668C19A00EBEFAF /* Products */,
				97B1276F0ACB5860CFE8A880 /* Pods */,
				055880F6BC9B1AB80A6EA27B /* Frameworks */,
			);
			sourceTree = "<group>";
		};
		B07DC3DE2668C19A00EBEFAF /* Products */ = {
			isa = PBXGroup;
			children = (
				B07DC3DD2668C19A00EBEFAF /* ChatAppWithFirebase.app */,
				B07DC3F32668C1A000EBEFAF /* ChatAppWithFirebaseTests.xctest */,
				B07DC3FE2668C1A000EBEFAF /* ChatAppWithFirebaseUITests.xctest */,
			);
			name = Products;
			sourceTree = "<group>";
		};
		B07DC3DF2668C19A00EBEFAF /* ChatAppWithFirebase */ = {
			isa = PBXGroup;
			children = (
				B07DC42D266DB20B00EBEFAF /* Models */,
				B07DC422266B52AC00EBEFAF /* Extentions */,
				B07DC421266B528C00EBEFAF /* Views */,
				B07DC420266B524C00EBEFAF /* Xibs */,
				B07DC415266A175000EBEFAF /* StoryBoards */,
				B07DC414266A173A00EBEFAF /* Controllers */,
				B07DC3E02668C19A00EBEFAF /* AppDelegate.swift */,
				B07DC3E22668C19A00EBEFAF /* SceneDelegate.swift */,
				B07DC3E92668C19F00EBEFAF /* Assets.xcassets */,
				B07DC3EB2668C19F00EBEFAF /* LaunchScreen.storyboard */,
				B07DC3EE2668C19F00EBEFAF /* Info.plist */,
				B07DC427266C510E00EBEFAF /* GoogleService-Info.plist */,
			);
			path = ChatAppWithFirebase;
			sourceTree = "<group>";
		};
		B07DC3F62668C1A000EBEFAF /* ChatAppWithFirebaseTests */ = {
			isa = PBXGroup;
			children = (
				B07DC3F72668C1A000EBEFAF /* ChatAppWithFirebaseTests.swift */,
				B07DC3F92668C1A000EBEFAF /* Info.plist */,
			);
			path = ChatAppWithFirebaseTests;
			sourceTree = "<group>";
		};
		B07DC4012668C1A000EBEFAF /* ChatAppWithFirebaseUITests */ = {
			isa = PBXGroup;
			children = (
				B07DC4022668C1A000EBEFAF /* ChatAppWithFirebaseUITests.swift */,
				B07DC4042668C1A000EBEFAF /* Info.plist */,
			);
			path = ChatAppWithFirebaseUITests;
			sourceTree = "<group>";
		};
		B07DC414266A173A00EBEFAF /* Controllers */ = {
			isa = PBXGroup;
			children = (
				B07DC4122668C2AD00EBEFAF /* ChatListViewController.swift */,
				B07DC41A266A1B3E00EBEFAF /* ChatRoomViewController.swift */,
				B07DC42B266C5B5100EBEFAF /* SignUpViewController.swift */,
				B07DC432266E0EEA00EBEFAF /* UserListViewController.swift */,
				B07DC43A2670A4CA00EBEFAF /* LoginViewController.swift */,
			);
			path = Controllers;
			sourceTree = "<group>";
		};
		B07DC415266A175000EBEFAF /* StoryBoards */ = {
			isa = PBXGroup;
			children = (
				B07DC4102668C1D900EBEFAF /* ChatList.storyboard */,
				B07DC418266A1ABD00EBEFAF /* ChatRoom.storyboard */,
				B07DC429266C54A200EBEFAF /* SignUp.storyboard */,
				B07DC430266E0D4E00EBEFAF /* UserList.storyboard */,
				B07DC4382670A2F800EBEFAF /* Login.storyboard */,
			);
			path = StoryBoards;
			sourceTree = "<group>";
		};
		B07DC420266B524C00EBEFAF /* Xibs */ = {
			isa = PBXGroup;
			children = (
				B07DC41C266A1EF700EBEFAF /* ChatRoomTableViewCell.xib */,
				B07DC423266B531400EBEFAF /* ChatInputAccessoryView.xib */,
			);
			path = Xibs;
			sourceTree = "<group>";
		};
		B07DC421266B528C00EBEFAF /* Views */ = {
			isa = PBXGroup;
			children = (
				B07DC41E266A20C800EBEFAF /* ChatRoomTableViewCell.swift */,
				B07DC425266B54F000EBEFAF /* ChatInputAccessoryView.swift */,
			);
			path = Views;
			sourceTree = "<group>";
		};
		B07DC422266B52AC00EBEFAF /* Extentions */ = {
			isa = PBXGroup;
			children = (
				B07DC416266A17C400EBEFAF /* UIColorExtention.swift */,
			);
			path = Extentions;
			sourceTree = "<group>";
		};
		B07DC42D266DB20B00EBEFAF /* Models */ = {
			isa = PBXGroup;
			children = (
				B07DC42E266DB24A00EBEFAF /* User.swift */,
				B07DC434266EF99400EBEFAF /* ChatRoom.swift */,
				B07DC436267045EA00EBEFAF /* Message.swift */,
			);
			path = Models;
			sourceTree = "<group>";
		};
/* End PBXGroup section */

/* Begin PBXNativeTarget section */
		B07DC3DC2668C19A00EBEFAF /* ChatAppWithFirebase */ = {
			isa = PBXNativeTarget;
			buildConfigurationList = B07DC4072668C1A000EBEFAF /* Build configuration list for PBXNativeTarget "ChatAppWithFirebase" */;
			buildPhases = (
				16E97FB5FCFC6BC49C15220A /* [CP] Check Pods Manifest.lock */,
				B07DC3D92668C19A00EBEFAF /* Sources */,
				B07DC3DA2668C19A00EBEFAF /* Frameworks */,
				B07DC3DB2668C19A00EBEFAF /* Resources */,
				6972ED0845721119EA7ABD58 /* [CP] Embed Pods Frameworks */,
			);
			buildRules = (
			);
			dependencies = (
			);
			name = ChatAppWithFirebase;
			productName = ChatAppWithFirebase;
			productReference = B07DC3DD2668C19A00EBEFAF /* ChatAppWithFirebase.app */;
			productType = "com.apple.product-type.application";
		};
		B07DC3F22668C1A000EBEFAF /* ChatAppWithFirebaseTests */ = {
			isa = PBXNativeTarget;
			buildConfigurationList = B07DC40A2668C1A000EBEFAF /* Build configuration list for PBXNativeTarget "ChatAppWithFirebaseTests" */;
			buildPhases = (
				83A20C3F1484E2736FA16947 /* [CP] Check Pods Manifest.lock */,
				B07DC3EF2668C1A000EBEFAF /* Sources */,
				B07DC3F02668C1A000EBEFAF /* Frameworks */,
				B07DC3F12668C1A000EBEFAF /* Resources */,
			);
			buildRules = (
			);
			dependencies = (
				B07DC3F52668C1A000EBEFAF /* PBXTargetDependency */,
			);
			name = ChatAppWithFirebaseTests;
			productName = ChatAppWithFirebaseTests;
			productReference = B07DC3F32668C1A000EBEFAF /* ChatAppWithFirebaseTests.xctest */;
			productType = "com.apple.product-type.bundle.unit-test";
		};
		B07DC3FD2668C1A000EBEFAF /* ChatAppWithFirebaseUITests */ = {
			isa = PBXNativeTarget;
			buildConfigurationList = B07DC40D2668C1A000EBEFAF /* Build configuration list for PBXNativeTarget "ChatAppWithFirebaseUITests" */;
			buildPhases = (
				85744BD50C45491985C4F177 /* [CP] Check Pods Manifest.lock */,
				B07DC3FA2668C1A000EBEFAF /* Sources */,
				B07DC3FB2668C1A000EBEFAF /* Frameworks */,
				B07DC3FC2668C1A000EBEFAF /* Resources */,
				21741DCC25CEB1134B1D0673 /* [CP] Embed Pods Frameworks */,
			);
			buildRules = (
			);
			dependencies = (
				B07DC4002668C1A000EBEFAF /* PBXTargetDependency */,
			);
			name = ChatAppWithFirebaseUITests;
			productName = ChatAppWithFirebaseUITests;
			productReference = B07DC3FE2668C1A000EBEFAF /* ChatAppWithFirebaseUITests.xctest */;
			productType = "com.apple.product-type.bundle.ui-testing";
		};
/* End PBXNativeTarget section */

/* Begin PBXProject section */
		B07DC3D52668C19A00EBEFAF /* Project object */ = {
			isa = PBXProject;
			attributes = {
				LastSwiftUpdateCheck = 1250;
				LastUpgradeCheck = 1250;
				TargetAttributes = {
					B07DC3DC2668C19A00EBEFAF = {
						CreatedOnToolsVersion = 12.5;
					};
					B07DC3F22668C1A000EBEFAF = {
						CreatedOnToolsVersion = 12.5;
						TestTargetID = B07DC3DC2668C19A00EBEFAF;
					};
					B07DC3FD2668C1A000EBEFAF = {
						CreatedOnToolsVersion = 12.5;
						TestTargetID = B07DC3DC2668C19A00EBEFAF;
					};
				};
			};
			buildConfigurationList = B07DC3D82668C19A00EBEFAF /* Build configuration list for PBXProject "ChatAppWithFirebase" */;
			compatibilityVersion = "Xcode 9.3";
			developmentRegion = en;
			hasScannedForEncodings = 0;
			knownRegions = (
				en,
				Base,
			);
			mainGroup = B07DC3D42668C19A00EBEFAF;
			productRefGroup = B07DC3DE2668C19A00EBEFAF /* Products */;
			projectDirPath = "";
			projectRoot = "";
			targets = (
				B07DC3DC2668C19A00EBEFAF /* ChatAppWithFirebase */,
				B07DC3F22668C1A000EBEFAF /* ChatAppWithFirebaseTests */,
				B07DC3FD2668C1A000EBEFAF /* ChatAppWithFirebaseUITests */,
			);
		};
/* End PBXProject section */

/* Begin PBXResourcesBuildPhase section */
		B07DC3DB2668C19A00EBEFAF /* Resources */ = {
			isa = PBXResourcesBuildPhase;
			buildActionMask = 2147483647;
			files = (
				B07DC431266E0D4E00EBEFAF /* UserList.storyboard in Resources */,
				B07DC41D266A1EF700EBEFAF /* ChatRoomTableViewCell.xib in Resources */,
				B07DC3ED2668C19F00EBEFAF /* LaunchScreen.storyboard in Resources */,
				B07DC3EA2668C19F00EBEFAF /* Assets.xcassets in Resources */,
				B07DC4112668C1D900EBEFAF /* ChatList.storyboard in Resources */,
				B07DC424266B531400EBEFAF /* ChatInputAccessoryView.xib in Resources */,
				B07DC419266A1ABD00EBEFAF /* ChatRoom.storyboard in Resources */,
				B07DC42A266C54A200EBEFAF /* SignUp.storyboard in Resources */,
				B07DC4392670A2FA00EBEFAF /* Login.storyboard in Resources */,
				B07DC428266C510F00EBEFAF /* GoogleService-Info.plist in Resources */,
			);
			runOnlyForDeploymentPostprocessing = 0;
		};
		B07DC3F12668C1A000EBEFAF /* Resources */ = {
			isa = PBXResourcesBuildPhase;
			buildActionMask = 2147483647;
			files = (
			);
			runOnlyForDeploymentPostprocessing = 0;
		};
		B07DC3FC2668C1A000EBEFAF /* Resources */ = {
			isa = PBXResourcesBuildPhase;
			buildActionMask = 2147483647;
			files = (
			);
			runOnlyForDeploymentPostprocessing = 0;
		};
/* End PBXResourcesBuildPhase section */

/* Begin PBXShellScriptBuildPhase section */
		16E97FB5FCFC6BC49C15220A /* [CP] Check Pods Manifest.lock */ = {
			isa = PBXShellScriptBuildPhase;
			buildActionMask = 2147483647;
			files = (
			);
			inputFileListPaths = (
			);
			inputPaths = (
				"${PODS_PODFILE_DIR_PATH}/Podfile.lock",
				"${PODS_ROOT}/Manifest.lock",
			);
			name = "[CP] Check Pods Manifest.lock";
			outputFileListPaths = (
			);
			outputPaths = (
				"$(DERIVED_FILE_DIR)/Pods-ChatAppWithFirebase-checkManifestLockResult.txt",
			);
			runOnlyForDeploymentPostprocessing = 0;
			shellPath = /bin/sh;
			shellScript = "diff \"${PODS_PODFILE_DIR_PATH}/Podfile.lock\" \"${PODS_ROOT}/Manifest.lock\" > /dev/null\nif [ $? != 0 ] ; then\n    # print error to STDERR\n    echo \"error: The sandbox is not in sync with the Podfile.lock. Run 'pod install' or update your CocoaPods installation.\" >&2\n    exit 1\nfi\n# This output is used by Xcode 'outputs' to avoid re-running this script phase.\necho \"SUCCESS\" > \"${SCRIPT_OUTPUT_FILE_0}\"\n";
			showEnvVarsInLog = 0;
		};
		21741DCC25CEB1134B1D0673 /* [CP] Embed Pods Frameworks */ = {
			isa = PBXShellScriptBuildPhase;
			buildActionMask = 2147483647;
			files = (
			);
			inputFileListPaths = (
				"${PODS_ROOT}/Target Support Files/Pods-ChatAppWithFirebase-ChatAppWithFirebaseUITests/Pods-ChatAppWithFirebase-ChatAppWithFirebaseUITests-frameworks-${CONFIGURATION}-input-files.xcfilelist",
			);
			name = "[CP] Embed Pods Frameworks";
			outputFileListPaths = (
				"${PODS_ROOT}/Target Support Files/Pods-ChatAppWithFirebase-ChatAppWithFirebaseUITests/Pods-ChatAppWithFirebase-ChatAppWithFirebaseUITests-frameworks-${CONFIGURATION}-output-files.xcfilelist",
			);
			runOnlyForDeploymentPostprocessing = 0;
			shellPath = /bin/sh;
			shellScript = "\"${PODS_ROOT}/Target Support Files/Pods-ChatAppWithFirebase-ChatAppWithFirebaseUITests/Pods-ChatAppWithFirebase-ChatAppWithFirebaseUITests-frameworks.sh\"\n";
			showEnvVarsInLog = 0;
		};
		6972ED0845721119EA7ABD58 /* [CP] Embed Pods Frameworks */ = {
			isa = PBXShellScriptBuildPhase;
			buildActionMask = 2147483647;
			files = (
			);
			inputFileListPaths = (
				"${PODS_ROOT}/Target Support Files/Pods-ChatAppWithFirebase/Pods-ChatAppWithFirebase-frameworks-${CONFIGURATION}-input-files.xcfilelist",
			);
			name = "[CP] Embed Pods Frameworks";
			outputFileListPaths = (
				"${PODS_ROOT}/Target Support Files/Pods-ChatAppWithFirebase/Pods-ChatAppWithFirebase-frameworks-${CONFIGURATION}-output-files.xcfilelist",
			);
			runOnlyForDeploymentPostprocessing = 0;
			shellPath = /bin/sh;
			shellScript = "\"${PODS_ROOT}/Target Support Files/Pods-ChatAppWithFirebase/Pods-ChatAppWithFirebase-frameworks.sh\"\n";
			showEnvVarsInLog = 0;
		};
		83A20C3F1484E2736FA16947 /* [CP] Check Pods Manifest.lock */ = {
			isa = PBXShellScriptBuildPhase;
			buildActionMask = 2147483647;
			files = (
			);
			inputFileListPaths = (
			);
			inputPaths = (
				"${PODS_PODFILE_DIR_PATH}/Podfile.lock",
				"${PODS_ROOT}/Manifest.lock",
			);
			name = "[CP] Check Pods Manifest.lock";
			outputFileListPaths = (
			);
			outputPaths = (
				"$(DERIVED_FILE_DIR)/Pods-ChatAppWithFirebaseTests-checkManifestLockResult.txt",
			);
			runOnlyForDeploymentPostprocessing = 0;
			shellPath = /bin/sh;
			shellScript = "diff \"${PODS_PODFILE_DIR_PATH}/Podfile.lock\" \"${PODS_ROOT}/Manifest.lock\" > /dev/null\nif [ $? != 0 ] ; then\n    # print error to STDERR\n    echo \"error: The sandbox is not in sync with the Podfile.lock. Run 'pod install' or update your CocoaPods installation.\" >&2\n    exit 1\nfi\n# This output is used by Xcode 'outputs' to avoid re-running this script phase.\necho \"SUCCESS\" > \"${SCRIPT_OUTPUT_FILE_0}\"\n";
			showEnvVarsInLog = 0;
		};
		85744BD50C45491985C4F177 /* [CP] Check Pods Manifest.lock */ = {
			isa = PBXShellScriptBuildPhase;
			buildActionMask = 2147483647;
			files = (
			);
			inputFileListPaths = (
			);
			inputPaths = (
				"${PODS_PODFILE_DIR_PATH}/Podfile.lock",
				"${PODS_ROOT}/Manifest.lock",
			);
			name = "[CP] Check Pods Manifest.lock";
			outputFileListPaths = (
			);
			outputPaths = (
				"$(DERIVED_FILE_DIR)/Pods-ChatAppWithFirebase-ChatAppWithFirebaseUITests-checkManifestLockResult.txt",
			);
			runOnlyForDeploymentPostprocessing = 0;
			shellPath = /bin/sh;
			shellScript = "diff \"${PODS_PODFILE_DIR_PATH}/Podfile.lock\" \"${PODS_ROOT}/Manifest.lock\" > /dev/null\nif [ $? != 0 ] ; then\n    # print error to STDERR\n    echo \"error: The sandbox is not in sync with the Podfile.lock. Run 'pod install' or update your CocoaPods installation.\" >&2\n    exit 1\nfi\n# This output is used by Xcode 'outputs' to avoid re-running this script phase.\necho \"SUCCESS\" > \"${SCRIPT_OUTPUT_FILE_0}\"\n";
			showEnvVarsInLog = 0;
		};
/* End PBXShellScriptBuildPhase section */

/* Begin PBXSourcesBuildPhase section */
		B07DC3D92668C19A00EBEFAF /* Sources */ = {
			isa = PBXSourcesBuildPhase;
			buildActionMask = 2147483647;
			files = (
				B07DC417266A17C400EBEFAF /* UIColorExtention.swift in Sources */,
				B07DC426266B54F000EBEFAF /* ChatInputAccessoryView.swift in Sources */,
				B07DC42C266C5B5100EBEFAF /* SignUpViewController.swift in Sources */,
				B07DC3E12668C19A00EBEFAF /* AppDelegate.swift in Sources */,
				B07DC41B266A1B3E00EBEFAF /* ChatRoomViewController.swift in Sources */,
				B07DC433266E0EEA00EBEFAF /* UserListViewController.swift in Sources */,
				B07DC42F266DB24A00EBEFAF /* User.swift in Sources */,
				B07DC4132668C2AD00EBEFAF /* ChatListViewController.swift in Sources */,
				B07DC41F266A20C800EBEFAF /* ChatRoomTableViewCell.swift in Sources */,
				B07DC437267045EA00EBEFAF /* Message.swift in Sources */,
				B07DC3E32668C19A00EBEFAF /* SceneDelegate.swift in Sources */,
				B07DC43B2670A4CA00EBEFAF /* LoginViewController.swift in Sources */,
				B07DC435266EF99500EBEFAF /* ChatRoom.swift in Sources */,
			);
			runOnlyForDeploymentPostprocessing = 0;
		};
		B07DC3EF2668C1A000EBEFAF /* Sources */ = {
			isa = PBXSourcesBuildPhase;
			buildActionMask = 2147483647;
			files = (
				B07DC3F82668C1A000EBEFAF /* ChatAppWithFirebaseTests.swift in Sources */,
			);
			runOnlyForDeploymentPostprocessing = 0;
		};
		B07DC3FA2668C1A000EBEFAF /* Sources */ = {
			isa = PBXSourcesBuildPhase;
			buildActionMask = 2147483647;
			files = (
				B07DC4032668C1A000EBEFAF /* ChatAppWithFirebaseUITests.swift in Sources */,
			);
			runOnlyForDeploymentPostprocessing = 0;
		};
/* End PBXSourcesBuildPhase section */

/* Begin PBXTargetDependency section */
		B07DC3F52668C1A000EBEFAF /* PBXTargetDependency */ = {
			isa = PBXTargetDependency;
			target = B07DC3DC2668C19A00EBEFAF /* ChatAppWithFirebase */;
			targetProxy = B07DC3F42668C1A000EBEFAF /* PBXContainerItemProxy */;
		};
		B07DC4002668C1A000EBEFAF /* PBXTargetDependency */ = {
			isa = PBXTargetDependency;
			target = B07DC3DC2668C19A00EBEFAF /* ChatAppWithFirebase */;
			targetProxy = B07DC3FF2668C1A000EBEFAF /* PBXContainerItemProxy */;
		};
/* End PBXTargetDependency section */

/* Begin PBXVariantGroup section */
		B07DC3EB2668C19F00EBEFAF /* LaunchScreen.storyboard */ = {
			isa = PBXVariantGroup;
			children = (
				B07DC3EC2668C19F00EBEFAF /* Base */,
			);
			name = LaunchScreen.storyboard;
			sourceTree = "<group>";
		};
/* End PBXVariantGroup section */

/* Begin XCBuildConfiguration section */
		B07DC4052668C1A000EBEFAF /* Debug */ = {
			isa = XCBuildConfiguration;
			buildSettings = {
				ALWAYS_SEARCH_USER_PATHS = NO;
				CLANG_ANALYZER_NONNULL = YES;
				CLANG_ANALYZER_NUMBER_OBJECT_CONVERSION = YES_AGGRESSIVE;
				CLANG_CXX_LANGUAGE_STANDARD = "gnu++14";
				CLANG_CXX_LIBRARY = "libc++";
				CLANG_ENABLE_MODULES = YES;
				CLANG_ENABLE_OBJC_ARC = YES;
				CLANG_ENABLE_OBJC_WEAK = YES;
				CLANG_WARN_BLOCK_CAPTURE_AUTORELEASING = YES;
				CLANG_WARN_BOOL_CONVERSION = YES;
				CLANG_WARN_COMMA = YES;
				CLANG_WARN_CONSTANT_CONVERSION = YES;
				CLANG_WARN_DEPRECATED_OBJC_IMPLEMENTATIONS = YES;
				CLANG_WARN_DIRECT_OBJC_ISA_USAGE = YES_ERROR;
				CLANG_WARN_DOCUMENTATION_COMMENTS = YES;
				CLANG_WARN_EMPTY_BODY = YES;
				CLANG_WARN_ENUM_CONVERSION = YES;
				CLANG_WARN_INFINITE_RECURSION = YES;
				CLANG_WARN_INT_CONVERSION = YES;
				CLANG_WARN_NON_LITERAL_NULL_CONVERSION = YES;
				CLANG_WARN_OBJC_IMPLICIT_RETAIN_SELF = YES;
				CLANG_WARN_OBJC_LITERAL_CONVERSION = YES;
				CLANG_WARN_OBJC_ROOT_CLASS = YES_ERROR;
				CLANG_WARN_QUOTED_INCLUDE_IN_FRAMEWORK_HEADER = YES;
				CLANG_WARN_RANGE_LOOP_ANALYSIS = YES;
				CLANG_WARN_STRICT_PROTOTYPES = YES;
				CLANG_WARN_SUSPICIOUS_MOVE = YES;
				CLANG_WARN_UNGUARDED_AVAILABILITY = YES_AGGRESSIVE;
				CLANG_WARN_UNREACHABLE_CODE = YES;
				CLANG_WARN__DUPLICATE_METHOD_MATCH = YES;
				COPY_PHASE_STRIP = NO;
				DEBUG_INFORMATION_FORMAT = dwarf;
				ENABLE_STRICT_OBJC_MSGSEND = YES;
				ENABLE_TESTABILITY = YES;
				GCC_C_LANGUAGE_STANDARD = gnu11;
				GCC_DYNAMIC_NO_PIC = NO;
				GCC_NO_COMMON_BLOCKS = YES;
				GCC_OPTIMIZATION_LEVEL = 0;
				GCC_PREPROCESSOR_DEFINITIONS = (
					"DEBUG=1",
					"$(inherited)",
				);
				GCC_WARN_64_TO_32_BIT_CONVERSION = YES;
				GCC_WARN_ABOUT_RETURN_TYPE = YES_ERROR;
				GCC_WARN_UNDECLARED_SELECTOR = YES;
				GCC_WARN_UNINITIALIZED_AUTOS = YES_AGGRESSIVE;
				GCC_WARN_UNUSED_FUNCTION = YES;
				GCC_WARN_UNUSED_VARIABLE = YES;
				IPHONEOS_DEPLOYMENT_TARGET = 14.5;
				MTL_ENABLE_DEBUG_INFO = INCLUDE_SOURCE;
				MTL_FAST_MATH = YES;
				ONLY_ACTIVE_ARCH = YES;
				SDKROOT = iphoneos;
				SWIFT_ACTIVE_COMPILATION_CONDITIONS = DEBUG;
				SWIFT_OPTIMIZATION_LEVEL = "-Onone";
			};
			name = Debug;
		};
		B07DC4062668C1A000EBEFAF /* Release */ = {
			isa = XCBuildConfiguration;
			buildSettings = {
				ALWAYS_SEARCH_USER_PATHS = NO;
				CLANG_ANALYZER_NONNULL = YES;
				CLANG_ANALYZER_NUMBER_OBJECT_CONVERSION = YES_AGGRESSIVE;
				CLANG_CXX_LANGUAGE_STANDARD = "gnu++14";
				CLANG_CXX_LIBRARY = "libc++";
				CLANG_ENABLE_MODULES = YES;
				CLANG_ENABLE_OBJC_ARC = YES;
				CLANG_ENABLE_OBJC_WEAK = YES;
				CLANG_WARN_BLOCK_CAPTURE_AUTORELEASING = YES;
				CLANG_WARN_BOOL_CONVERSION = YES;
				CLANG_WARN_COMMA = YES;
				CLANG_WARN_CONSTANT_CONVERSION = YES;
				CLANG_WARN_DEPRECATED_OBJC_IMPLEMENTATIONS = YES;
				CLANG_WARN_DIRECT_OBJC_ISA_USAGE = YES_ERROR;
				CLANG_WARN_DOCUMENTATION_COMMENTS = YES;
				CLANG_WARN_EMPTY_BODY = YES;
				CLANG_WARN_ENUM_CONVERSION = YES;
				CLANG_WARN_INFINITE_RECURSION = YES;
				CLANG_WARN_INT_CONVERSION = YES;
				CLANG_WARN_NON_LITERAL_NULL_CONVERSION = YES;
				CLANG_WARN_OBJC_IMPLICIT_RETAIN_SELF = YES;
				CLANG_WARN_OBJC_LITERAL_CONVERSION = YES;
				CLANG_WARN_OBJC_ROOT_CLASS = YES_ERROR;
				CLANG_WARN_QUOTED_INCLUDE_IN_FRAMEWORK_HEADER = YES;
				CLANG_WARN_RANGE_LOOP_ANALYSIS = YES;
				CLANG_WARN_STRICT_PROTOTYPES = YES;
				CLANG_WARN_SUSPICIOUS_MOVE = YES;
				CLANG_WARN_UNGUARDED_AVAILABILITY = YES_AGGRESSIVE;
				CLANG_WARN_UNREACHABLE_CODE = YES;
				CLANG_WARN__DUPLICATE_METHOD_MATCH = YES;
				COPY_PHASE_STRIP = NO;
				DEBUG_INFORMATION_FORMAT = "dwarf-with-dsym";
				ENABLE_NS_ASSERTIONS = NO;
				ENABLE_STRICT_OBJC_MSGSEND = YES;
				GCC_C_LANGUAGE_STANDARD = gnu11;
				GCC_NO_COMMON_BLOCKS = YES;
				GCC_WARN_64_TO_32_BIT_CONVERSION = YES;
				GCC_WARN_ABOUT_RETURN_TYPE = YES_ERROR;
				GCC_WARN_UNDECLARED_SELECTOR = YES;
				GCC_WARN_UNINITIALIZED_AUTOS = YES_AGGRESSIVE;
				GCC_WARN_UNUSED_FUNCTION = YES;
				GCC_WARN_UNUSED_VARIABLE = YES;
				IPHONEOS_DEPLOYMENT_TARGET = 14.5;
				MTL_ENABLE_DEBUG_INFO = NO;
				MTL_FAST_MATH = YES;
				SDKROOT = iphoneos;
				SWIFT_COMPILATION_MODE = wholemodule;
				SWIFT_OPTIMIZATION_LEVEL = "-O";
				VALIDATE_PRODUCT = YES;
			};
			name = Release;
		};
		B07DC4082668C1A000EBEFAF /* Debug */ = {
			isa = XCBuildConfiguration;
			baseConfigurationReference = 08694FB14BBF41780533811A /* Pods-ChatAppWithFirebase.debug.xcconfig */;
			buildSettings = {
				ASSETCATALOG_COMPILER_APPICON_NAME = AppIcon;
				ASSETCATALOG_COMPILER_GLOBAL_ACCENT_COLOR_NAME = AccentColor;
				CODE_SIGN_STYLE = Automatic;
				DEVELOPMENT_TEAM = 5W8V7NL45W;
				INFOPLIST_FILE = ChatAppWithFirebase/Info.plist;
				LD_RUNPATH_SEARCH_PATHS = (
					"$(inherited)",
					"@executable_path/Frameworks",
				);
				PRODUCT_BUNDLE_IDENTIFIER = com.takano.ChatAppWithFirebase;
				PRODUCT_NAME = "$(TARGET_NAME)";
				SWIFT_VERSION = 5.0;
				TARGETED_DEVICE_FAMILY = "1,2";
			};
			name = Debug;
		};
		B07DC4092668C1A000EBEFAF /* Release */ = {
			isa = XCBuildConfiguration;
			baseConfigurationReference = D7AD838B1B47E591E8E7CA8B /* Pods-ChatAppWithFirebase.release.xcconfig */;
			buildSettings = {
				ASSETCATALOG_COMPILER_APPICON_NAME = AppIcon;
				ASSETCATALOG_COMPILER_GLOBAL_ACCENT_COLOR_NAME = AccentColor;
				CODE_SIGN_STYLE = Automatic;
				DEVELOPMENT_TEAM = 5W8V7NL45W;
				INFOPLIST_FILE = ChatAppWithFirebase/Info.plist;
				LD_RUNPATH_SEARCH_PATHS = (
					"$(inherited)",
					"@executable_path/Frameworks",
				);
				PRODUCT_BUNDLE_IDENTIFIER = com.takano.ChatAppWithFirebase;
				PRODUCT_NAME = "$(TARGET_NAME)";
				SWIFT_VERSION = 5.0;
				TARGETED_DEVICE_FAMILY = "1,2";
			};
			name = Release;
		};
		B07DC40B2668C1A000EBEFAF /* Debug */ = {
			isa = XCBuildConfiguration;
			baseConfigurationReference = 1963C296CEE82BA588242D87 /* Pods-ChatAppWithFirebaseTests.debug.xcconfig */;
			buildSettings = {
				ALWAYS_EMBED_SWIFT_STANDARD_LIBRARIES = YES;
				BUNDLE_LOADER = "$(TEST_HOST)";
				CODE_SIGN_STYLE = Automatic;
				DEVELOPMENT_TEAM = 5W8V7NL45W;
				INFOPLIST_FILE = ChatAppWithFirebaseTests/Info.plist;
				IPHONEOS_DEPLOYMENT_TARGET = 14.5;
				LD_RUNPATH_SEARCH_PATHS = (
					"$(inherited)",
					"@executable_path/Frameworks",
					"@loader_path/Frameworks",
				);
				PRODUCT_BUNDLE_IDENTIFIER = com.takano.ChatAppWithFirebaseTests;
				PRODUCT_NAME = "$(TARGET_NAME)";
				SWIFT_VERSION = 5.0;
				TARGETED_DEVICE_FAMILY = "1,2";
				TEST_HOST = "$(BUILT_PRODUCTS_DIR)/ChatAppWithFirebase.app/ChatAppWithFirebase";
			};
			name = Debug;
		};
		B07DC40C2668C1A000EBEFAF /* Release */ = {
			isa = XCBuildConfiguration;
			baseConfigurationReference = AC88C15C20D19712C89A07B6 /* Pods-ChatAppWithFirebaseTests.release.xcconfig */;
			buildSettings = {
				ALWAYS_EMBED_SWIFT_STANDARD_LIBRARIES = YES;
				BUNDLE_LOADER = "$(TEST_HOST)";
				CODE_SIGN_STYLE = Automatic;
				DEVELOPMENT_TEAM = 5W8V7NL45W;
				INFOPLIST_FILE = ChatAppWithFirebaseTests/Info.plist;
				IPHONEOS_DEPLOYMENT_TARGET = 14.5;
				LD_RUNPATH_SEARCH_PATHS = (
					"$(inherited)",
					"@executable_path/Frameworks",
					"@loader_path/Frameworks",
				);
				PRODUCT_BUNDLE_IDENTIFIER = com.takano.ChatAppWithFirebaseTests;
				PRODUCT_NAME = "$(TARGET_NAME)";
				SWIFT_VERSION = 5.0;
				TARGETED_DEVICE_FAMILY = "1,2";
				TEST_HOST = "$(BUILT_PRODUCTS_DIR)/ChatAppWithFirebase.app/ChatAppWithFirebase";
			};
			name = Release;
		};
		B07DC40E2668C1A000EBEFAF /* Debug */ = {
			isa = XCBuildConfiguration;
			baseConfigurationReference = 50478ED523129F2F98AAEB45 /* Pods-ChatAppWithFirebase-ChatAppWithFirebaseUITests.debug.xcconfig */;
			buildSettings = {
				ALWAYS_EMBED_SWIFT_STANDARD_LIBRARIES = YES;
				CODE_SIGN_STYLE = Automatic;
				DEVELOPMENT_TEAM = 5W8V7NL45W;
				INFOPLIST_FILE = ChatAppWithFirebaseUITests/Info.plist;
				LD_RUNPATH_SEARCH_PATHS = (
					"$(inherited)",
					"@executable_path/Frameworks",
					"@loader_path/Frameworks",
				);
				PRODUCT_BUNDLE_IDENTIFIER = com.takano.ChatAppWithFirebaseUITests;
				PRODUCT_NAME = "$(TARGET_NAME)";
				SWIFT_VERSION = 5.0;
				TARGETED_DEVICE_FAMILY = "1,2";
				TEST_TARGET_NAME = ChatAppWithFirebase;
			};
			name = Debug;
		};
		B07DC40F2668C1A000EBEFAF /* Release */ = {
			isa = XCBuildConfiguration;
			baseConfigurationReference = 679CB2D3BED674A202846189 /* Pods-ChatAppWithFirebase-ChatAppWithFirebaseUITests.release.xcconfig */;
			buildSettings = {
				ALWAYS_EMBED_SWIFT_STANDARD_LIBRARIES = YES;
				CODE_SIGN_STYLE = Automatic;
				DEVELOPMENT_TEAM = 5W8V7NL45W;
				INFOPLIST_FILE = ChatAppWithFirebaseUITests/Info.plist;
				LD_RUNPATH_SEARCH_PATHS = (
					"$(inherited)",
					"@executable_path/Frameworks",
					"@loader_path/Frameworks",
				);
				PRODUCT_BUNDLE_IDENTIFIER = com.takano.ChatAppWithFirebaseUITests;
				PRODUCT_NAME = "$(TARGET_NAME)";
				SWIFT_VERSION = 5.0;
				TARGETED_DEVICE_FAMILY = "1,2";
				TEST_TARGET_NAME = ChatAppWithFirebase;
			};
			name = Release;
		};
/* End XCBuildConfiguration section */

/* Begin XCConfigurationList section */
		B07DC3D82668C19A00EBEFAF /* Build configuration list for PBXProject "ChatAppWithFirebase" */ = {
			isa = XCConfigurationList;
			buildConfigurations = (
				B07DC4052668C1A000EBEFAF /* Debug */,
				B07DC4062668C1A000EBEFAF /* Release */,
			);
			defaultConfigurationIsVisible = 0;
			defaultConfigurationName = Release;
		};
		B07DC4072668C1A000EBEFAF /* Build configuration list for PBXNativeTarget "ChatAppWithFirebase" */ = {
			isa = XCConfigurationList;
			buildConfigurations = (
				B07DC4082668C1A000EBEFAF /* Debug */,
				B07DC4092668C1A000EBEFAF /* Release */,
			);
			defaultConfigurationIsVisible = 0;
			defaultConfigurationName = Release;
		};
		B07DC40A2668C1A000EBEFAF /* Build configuration list for PBXNativeTarget "ChatAppWithFirebaseTests" */ = {
			isa = XCConfigurationList;
			buildConfigurations = (
				B07DC40B2668C1A000EBEFAF /* Debug */,
				B07DC40C2668C1A000EBEFAF /* Release */,
			);
			defaultConfigurationIsVisible = 0;
			defaultConfigurationName = Release;
		};
		B07DC40D2668C1A000EBEFAF /* Build configuration list for PBXNativeTarget "ChatAppWithFirebaseUITests" */ = {
			isa = XCConfigurationList;
			buildConfigurations = (
				B07DC40E2668C1A000EBEFAF /* Debug */,
				B07DC40F2668C1A000EBEFAF /* Release */,
			);
			defaultConfigurationIsVisible = 0;
			defaultConfigurationName = Release;
		};
/* End XCConfigurationList section */
	};
	rootObject = B07DC3D52668C19A00EBEFAF /* Project object */;
}
