// !$*UTF8*$!
{
	archiveVersion = 1;
	classes = {
	};
	objectVersion = 50;
	objects = {

/* Begin PBXBuildFile section */
		B07DC3E12668C19A00EBEFAF /* AppDelegate.swift in Sources */ = {isa = PBXBuildFile; fileRef = B07DC3E02668C19A00EBEFAF /* AppDelegate.swift */; };
		B07DC3E32668C19A00EBEFAF /* SceneDelegate.swift in Sources */ = {isa = PBXBuildFile; fileRef = B07DC3E22668C19A00EBEFAF /* SceneDelegate.swift */; };
		B07DC3E52668C19A00EBEFAF /* ViewController.swift in Sources */ = {isa = PBXBuildFile; fileRef = B07DC3E42668C19A00EBEFAF /* ViewController.swift */; };
		B07DC3E82668C19A00EBEFAF /* Main.storyboard in Resources */ = {isa = PBXBuildFile; fileRef = B07DC3E62668C19A00EBEFAF /* Main.storyboard */; };
		B07DC3EA2668C19F00EBEFAF /* Assets.xcassets in Resources */ = {isa = PBXBuildFile; fileRef = B07DC3E92668C19F00EBEFAF /* Assets.xcassets */; };
		B07DC3ED2668C19F00EBEFAF /* LaunchScreen.storyboard in Resources */ = {isa = PBXBuildFile; fileRef = B07DC3EB2668C19F00EBEFAF /* LaunchScreen.storyboard */; };
		B07DC3F82668C1A000EBEFAF /* ChatAppWithFirebaseTests.swift in Sources */ = {isa = PBXBuildFile; fileRef = B07DC3F72668C1A000EBEFAF /* ChatAppWithFirebaseTests.swift */; };
		B07DC4032668C1A000EBEFAF /* ChatAppWithFirebaseUITests.swift in Sources */ = {isa = PBXBuildFile; fileRef = B07DC4022668C1A000EBEFAF /* ChatAppWithFirebaseUITests.swift */; };
/* End PBXBuildFile section */

/* Begin PBXContainerItemProxy section */
		B07DC3F42668C1A000EBEFAF /* PBXContainerItemProxy */ = {
			isa = PBXContainerItemProxy;
			containerPortal = B07DC3D52668C19A00EBEFAF /* Project object */;
			proxyType = 1;
			remoteGlobalIDString = B07DC3DC2668C19A00EBEFAF;
			remoteInfo = ChatAppWithFirebase;
		};
		B07DC3FF2668C1A000EBEFAF /* PBXContainerItemProxy */ = {
			isa = PBXContainerItemProxy;
			containerPortal = B07DC3D52668C19A00EBEFAF /* Project object */;
			proxyType = 1;
			remoteGlobalIDString = B07DC3DC2668C19A00EBEFAF;
			remoteInfo = ChatAppWithFirebase;
		};
/* End PBXContainerItemProxy section */

/* Begin PBXFileReference section */
		B07DC3DD2668C19A00EBEFAF /* ChatAppWithFirebase.app */ = {isa = PBXFileReference; explicitFileType = wrapper.application; includeInIndex = 0; path = ChatAppWithFirebase.app; sourceTree = BUILT_PRODUCTS_DIR; };
		B07DC3E02668C19A00EBEFAF /* AppDelegate.swift */ = {isa = PBXFileReference; lastKnownFileType = sourcecode.swift; path = AppDelegate.swift; sourceTree = "<group>"; };
		B07DC3E22668C19A00EBEFAF /* SceneDelegate.swift */ = {isa = PBXFileReference; lastKnownFileType = sourcecode.swift; path = SceneDelegate.swift; sourceTree = "<group>"; };
		B07DC3E42668C19A00EBEFAF /* ViewController.swift */ = {isa = PBXFileReference; lastKnownFileType = sourcecode.swift; path = ViewController.swift; sourceTree = "<group>"; };
		B07DC3E72668C19A00EBEFAF /* Base */ = {isa = PBXFileReference; lastKnownFileType = file.storyboard; name = Base; path = Base.lproj/Main.storyboard; sourceTree = "<group>"; };
		B07DC3E92668C19F00EBEFAF /* Assets.xcassets */ = {isa = PBXFileReference; lastKnownFileType = folder.assetcatalog; path = Assets.xcassets; sourceTree = "<group>"; };
		B07DC3EC2668C19F00EBEFAF /* Base */ = {isa = PBXFileReference; lastKnownFileType = file.storyboard; name = Base; path = Base.lproj/LaunchScreen.storyboard; sourceTree = "<group>"; };
		B07DC3EE2668C19F00EBEFAF /* Info.plist */ = {isa = PBXFileReference; lastKnownFileType = text.plist.xml; path = Info.plist; sourceTree = "<group>"; };
		B07DC3F32668C1A000EBEFAF /* ChatAppWithFirebaseTests.xctest */ = {isa = PBXFileReference; explicitFileType = wrapper.cfbundle; includeInIndex = 0; path = ChatAppWithFirebaseTests.xctest; sourceTree = BUILT_PRODUCTS_DIR; };
		B07DC3F72668C1A000EBEFAF /* ChatAppWithFirebaseTests.swift */ = {isa = PBXFileReference; lastKnownFileType = sourcecode.swift; path = ChatAppWithFirebaseTests.swift; sourceTree = "<group>"; };
		B07DC3F92668C1A000EBEFAF /* Info.plist */ = {isa = PBXFileReference; lastKnownFileType = text.plist.xml; path = Info.plist; sourceTree = "<group>"; };
		B07DC3FE2668C1A000EBEFAF /* ChatAppWithFirebaseUITests.xctest */ = {isa = PBXFileReference; explicitFileType = wrapper.cfbundle; includeInIndex = 0; path = ChatAppWithFirebaseUITests.xctest; sourceTree = BUILT_PRODUCTS_DIR; };
		B07DC4022668C1A000EBEFAF /* ChatAppWithFirebaseUITests.swift */ = {isa = PBXFileReference; lastKnownFileType = sourcecode.swift; path = ChatAppWithFirebaseUITests.swift; sourceTree = "<group>"; };
		B07DC4042668C1A000EBEFAF /* Info.plist */ = {isa = PBXFileReference; lastKnownFileType = text.plist.xml; path = Info.plist; sourceTree = "<group>"; };
/* End PBXFileReference section */

/* Begin PBXFrameworksBuildPhase section */
		B07DC3DA2668C19A00EBEFAF /* Frameworks */ = {
			isa = PBXFrameworksBuildPhase;
			buildActionMask = 2147483647;
			files = (
			);
			runOnlyForDeploymentPostprocessing = 0;
		};
		B07DC3F02668C1A000EBEFAF /* Frameworks */ = {
			isa = PBXFrameworksBuildPhase;
			buildActionMask = 2147483647;
			files = (
			);
			runOnlyForDeploymentPostprocessing = 0;
		};
		B07DC3FB2668C1A000EBEFAF /* Frameworks */ = {
			isa = PBXFrameworksBuildPhase;
			buildActionMask = 2147483647;
			files = (
			);
			runOnlyForDeploymentPostprocessing = 0;
		};
/* End PBXFrameworksBuildPhase section */

/* Begin PBXGroup section */
		B07DC3D42668C19A00EBEFAF = {
			isa = PBXGroup;
			children = (
				B07DC3DF2668C19A00EBEFAF /* ChatAppWithFirebase */,
				B07DC3F62668C1A000EBEFAF /* ChatAppWithFirebaseTests */,
				B07DC4012668C1A000EBEFAF /* ChatAppWithFirebaseUITests */,
				B07DC3DE2668C19A00EBEFAF /* Products */,
			);
			sourceTree = "<group>";
		};
		B07DC3DE2668C19A00EBEFAF /* Products */ = {
			isa = PBXGroup;
			children = (
				B07DC3DD2668C19A00EBEFAF /* ChatAppWithFirebase.app */,
				B07DC3F32668C1A000EBEFAF /* ChatAppWithFirebaseTests.xctest */,
				B07DC3FE2668C1A000EBEFAF /* ChatAppWithFirebaseUITests.xctest */,
			);
			name = Products;
			sourceTree = "<group>";
		};
		B07DC3DF2668C19A00EBEFAF /* ChatAppWithFirebase */ = {
			isa = PBXGroup;
			children = (
				B07DC3E02668C19A00EBEFAF /* AppDelegate.swift */,
				B07DC3E22668C19A00EBEFAF /* SceneDelegate.swift */,
				B07DC3E42668C19A00EBEFAF /* ViewController.swift */,
				B07DC3E62668C19A00EBEFAF /* Main.storyboard */,
				B07DC3E92668C19F00EBEFAF /* Assets.xcassets */,
				B07DC3EB2668C19F00EBEFAF /* LaunchScreen.storyboard */,
				B07DC3EE2668C19F00EBEFAF /* Info.plist */,
			);
			path = ChatAppWithFirebase;
			sourceTree = "<group>";
		};
		B07DC3F62668C1A000EBEFAF /* ChatAppWithFirebaseTests */ = {
			isa = PBXGroup;
			children = (
				B07DC3F72668C1A000EBEFAF /* ChatAppWithFirebaseTests.swift */,
				B07DC3F92668C1A000EBEFAF /* Info.plist */,
			);
			path = ChatAppWithFirebaseTests;
			sourceTree = "<group>";
		};
		B07DC4012668C1A000EBEFAF /* ChatAppWithFirebaseUITests */ = {
			isa = PBXGroup;
			children = (
				B07DC4022668C1A000EBEFAF /* ChatAppWithFirebaseUITests.swift */,
				B07DC4042668C1A000EBEFAF /* Info.plist */,
			);
			path = ChatAppWithFirebaseUITests;
			sourceTree = "<group>";
		};
/* End PBXGroup section */

/* Begin PBXNativeTarget section */
		B07DC3DC2668C19A00EBEFAF /* ChatAppWithFirebase */ = {
			isa = PBXNativeTarget;
			buildConfigurationList = B07DC4072668C1A000EBEFAF /* Build configuration list for PBXNativeTarget "ChatAppWithFirebase" */;
			buildPhases = (
				B07DC3D92668C19A00EBEFAF /* Sources */,
				B07DC3DA2668C19A00EBEFAF /* Frameworks */,
				B07DC3DB2668C19A00EBEFAF /* Resources */,
			);
			buildRules = (
			);
			dependencies = (
			);
			name = ChatAppWithFirebase;
			productName = ChatAppWithFirebase;
			productReference = B07DC3DD2668C19A00EBEFAF /* ChatAppWithFirebase.app */;
			productType = "com.apple.product-type.application";
		};
		B07DC3F22668C1A000EBEFAF /* ChatAppWithFirebaseTests */ = {
			isa = PBXNativeTarget;
			buildConfigurationList = B07DC40A2668C1A000EBEFAF /* Build configuration list for PBXNativeTarget "ChatAppWithFirebaseTests" */;
			buildPhases = (
				B07DC3EF2668C1A000EBEFAF /* Sources */,
				B07DC3F02668C1A000EBEFAF /* Frameworks */,
				B07DC3F12668C1A000EBEFAF /* Resources */,
			);
			buildRules = (
			);
			dependencies = (
				B07DC3F52668C1A000EBEFAF /* PBXTargetDependency */,
			);
			name = ChatAppWithFirebaseTests;
			productName = ChatAppWithFirebaseTests;
			productReference = B07DC3F32668C1A000EBEFAF /* ChatAppWithFirebaseTests.xctest */;
			productType = "com.apple.product-type.bundle.unit-test";
		};
		B07DC3FD2668C1A000EBEFAF /* ChatAppWithFirebaseUITests */ = {
			isa = PBXNativeTarget;
			buildConfigurationList = B07DC40D2668C1A000EBEFAF /* Build configuration list for PBXNativeTarget "ChatAppWithFirebaseUITests" */;
			buildPhases = (
				B07DC3FA2668C1A000EBEFAF /* Sources */,
				B07DC3FB2668C1A000EBEFAF /* Frameworks */,
				B07DC3FC2668C1A000EBEFAF /* Resources */,
			);
			buildRules = (
			);
			dependencies = (
				B07DC4002668C1A000EBEFAF /* PBXTargetDependency */,
			);
			name = ChatAppWithFirebaseUITests;
			productName = ChatAppWithFirebaseUITests;
			productReference = B07DC3FE2668C1A000EBEFAF /* ChatAppWithFirebaseUITests.xctest */;
			productType = "com.apple.product-type.bundle.ui-testing";
		};
/* End PBXNativeTarget section */

/* Begin PBXProject section */
		B07DC3D52668C19A00EBEFAF /* Project object */ = {
			isa = PBXProject;
			attributes = {
				LastSwiftUpdateCheck = 1250;
				LastUpgradeCheck = 1250;
				TargetAttributes = {
					B07DC3DC2668C19A00EBEFAF = {
						CreatedOnToolsVersion = 12.5;
					};
					B07DC3F22668C1A000EBEFAF = {
						CreatedOnToolsVersion = 12.5;
						TestTargetID = B07DC3DC2668C19A00EBEFAF;
					};
					B07DC3FD2668C1A000EBEFAF = {
						CreatedOnToolsVersion = 12.5;
						TestTargetID = B07DC3DC2668C19A00EBEFAF;
					};
				};
			};
			buildConfigurationList = B07DC3D82668C19A00EBEFAF /* Build configuration list for PBXProject "ChatAppWithFirebase" */;
			compatibilityVersion = "Xcode 9.3";
			developmentRegion = en;
			hasScannedForEncodings = 0;
			knownRegions = (
				en,
				Base,
			);
			mainGroup = B07DC3D42668C19A00EBEFAF;
			productRefGroup = B07DC3DE2668C19A00EBEFAF /* Products */;
			projectDirPath = "";
			projectRoot = "";
			targets = (
				B07DC3DC2668C19A00EBEFAF /* ChatAppWithFirebase */,
				B07DC3F22668C1A000EBEFAF /* ChatAppWithFirebaseTests */,
				B07DC3FD2668C1A000EBEFAF /* ChatAppWithFirebaseUITests */,
			);
		};
/* End PBXProject section */

/* Begin PBXResourcesBuildPhase section */
		B07DC3DB2668C19A00EBEFAF /* Resources */ = {
			isa = PBXResourcesBuildPhase;
			buildActionMask = 2147483647;
			files = (
				B07DC3ED2668C19F00EBEFAF /* LaunchScreen.storyboard in Resources */,
				B07DC3EA2668C19F00EBEFAF /* Assets.xcassets in Resources */,
				B07DC3E82668C19A00EBEFAF /* Main.storyboard in Resources */,
			);
			runOnlyForDeploymentPostprocessing = 0;
		};
		B07DC3F12668C1A000EBEFAF /* Resources */ = {
			isa = PBXResourcesBuildPhase;
			buildActionMask = 2147483647;
			files = (
			);
			runOnlyForDeploymentPostprocessing = 0;
		};
		B07DC3FC2668C1A000EBEFAF /* Resources */ = {
			isa = PBXResourcesBuildPhase;
			buildActionMask = 2147483647;
			files = (
			);
			runOnlyForDeploymentPostprocessing = 0;
		};
/* End PBXResourcesBuildPhase section */

/* Begin PBXSourcesBuildPhase section */
		B07DC3D92668C19A00EBEFAF /* Sources */ = {
			isa = PBXSourcesBuildPhase;
			buildActionMask = 2147483647;
			files = (
				B07DC3E52668C19A00EBEFAF /* ViewController.swift in Sources */,
				B07DC3E12668C19A00EBEFAF /* AppDelegate.swift in Sources */,
				B07DC3E32668C19A00EBEFAF /* SceneDelegate.swift in Sources */,
			);
			runOnlyForDeploymentPostprocessing = 0;
		};
		B07DC3EF2668C1A000EBEFAF /* Sources */ = {
			isa = PBXSourcesBuildPhase;
			buildActionMask = 2147483647;
			files = (
				B07DC3F82668C1A000EBEFAF /* ChatAppWithFirebaseTests.swift in Sources */,
			);
			runOnlyForDeploymentPostprocessing = 0;
		};
		B07DC3FA2668C1A000EBEFAF /* Sources */ = {
			isa = PBXSourcesBuildPhase;
			buildActionMask = 2147483647;
			files = (
				B07DC4032668C1A000EBEFAF /* ChatAppWithFirebaseUITests.swift in Sources */,
			);
			runOnlyForDeploymentPostprocessing = 0;
		};
/* End PBXSourcesBuildPhase section */

/* Begin PBXTargetDependency section */
		B07DC3F52668C1A000EBEFAF /* PBXTargetDependency */ = {
			isa = PBXTargetDependency;
			target = B07DC3DC2668C19A00EBEFAF /* ChatAppWithFirebase */;
			targetProxy = B07DC3F42668C1A000EBEFAF /* PBXContainerItemProxy */;
		};
		B07DC4002668C1A000EBEFAF /* PBXTargetDependency */ = {
			isa = PBXTargetDependency;
			target = B07DC3DC2668C19A00EBEFAF /* ChatAppWithFirebase */;
			targetProxy = B07DC3FF2668C1A000EBEFAF /* PBXContainerItemProxy */;
		};
/* End PBXTargetDependency section */

/* Begin PBXVariantGroup section */
		B07DC3E62668C19A00EBEFAF /* Main.storyboard */ = {
			isa = PBXVariantGroup;
			children = (
				B07DC3E72668C19A00EBEFAF /* Base */,
			);
			name = Main.storyboard;
			sourceTree = "<group>";
		};
		B07DC3EB2668C19F00EBEFAF /* LaunchScreen.storyboard */ = {
			isa = PBXVariantGroup;
			children = (
				B07DC3EC2668C19F00EBEFAF /* Base */,
			);
			name = LaunchScreen.storyboard;
			sourceTree = "<group>";
		};
/* End PBXVariantGroup section */

/* Begin XCBuildConfiguration section */
		B07DC4052668C1A000EBEFAF /* Debug */ = {
			isa = XCBuildConfiguration;
			buildSettings = {
				ALWAYS_SEARCH_USER_PATHS = NO;
				CLANG_ANALYZER_NONNULL = YES;
				CLANG_ANALYZER_NUMBER_OBJECT_CONVERSION = YES_AGGRESSIVE;
				CLANG_CXX_LANGUAGE_STANDARD = "gnu++14";
				CLANG_CXX_LIBRARY = "libc++";
				CLANG_ENABLE_MODULES = YES;
				CLANG_ENABLE_OBJC_ARC = YES;
				CLANG_ENABLE_OBJC_WEAK = YES;
				CLANG_WARN_BLOCK_CAPTURE_AUTORELEASING = YES;
				CLANG_WARN_BOOL_CONVERSION = YES;
				CLANG_WARN_COMMA = YES;
				CLANG_WARN_CONSTANT_CONVERSION = YES;
				CLANG_WARN_DEPRECATED_OBJC_IMPLEMENTATIONS = YES;
				CLANG_WARN_DIRECT_OBJC_ISA_USAGE = YES_ERROR;
				CLANG_WARN_DOCUMENTATION_COMMENTS = YES;
				CLANG_WARN_EMPTY_BODY = YES;
				CLANG_WARN_ENUM_CONVERSION = YES;
				CLANG_WARN_INFINITE_RECURSION = YES;
				CLANG_WARN_INT_CONVERSION = YES;
				CLANG_WARN_NON_LITERAL_NULL_CONVERSION = YES;
				CLANG_WARN_OBJC_IMPLICIT_RETAIN_SELF = YES;
				CLANG_WARN_OBJC_LITERAL_CONVERSION = YES;
				CLANG_WARN_OBJC_ROOT_CLASS = YES_ERROR;
				CLANG_WARN_QUOTED_INCLUDE_IN_FRAMEWORK_HEADER = YES;
				CLANG_WARN_RANGE_LOOP_ANALYSIS = YES;
				CLANG_WARN_STRICT_PROTOTYPES = YES;
				CLANG_WARN_SUSPICIOUS_MOVE = YES;
				CLANG_WARN_UNGUARDED_AVAILABILITY = YES_AGGRESSIVE;
				CLANG_WARN_UNREACHABLE_CODE = YES;
				CLANG_WARN__DUPLICATE_METHOD_MATCH = YES;
				COPY_PHASE_STRIP = NO;
				DEBUG_INFORMATION_FORMAT = dwarf;
				ENABLE_STRICT_OBJC_MSGSEND = YES;
				ENABLE_TESTABILITY = YES;
				GCC_C_LANGUAGE_STANDARD = gnu11;
				GCC_DYNAMIC_NO_PIC = NO;
				GCC_NO_COMMON_BLOCKS = YES;
				GCC_OPTIMIZATION_LEVEL = 0;
				GCC_PREPROCESSOR_DEFINITIONS = (
					"DEBUG=1",
					"$(inherited)",
				);
				GCC_WARN_64_TO_32_BIT_CONVERSION = YES;
				GCC_WARN_ABOUT_RETURN_TYPE = YES_ERROR;
				GCC_WARN_UNDECLARED_SELECTOR = YES;
				GCC_WARN_UNINITIALIZED_AUTOS = YES_AGGRESSIVE;
				GCC_WARN_UNUSED_FUNCTION = YES;
				GCC_WARN_UNUSED_VARIABLE = YES;
				IPHONEOS_DEPLOYMENT_TARGET = 14.5;
				MTL_ENABLE_DEBUG_INFO = INCLUDE_SOURCE;
				MTL_FAST_MATH = YES;
				ONLY_ACTIVE_ARCH = YES;
				SDKROOT = iphoneos;
				SWIFT_ACTIVE_COMPILATION_CONDITIONS = DEBUG;
				SWIFT_OPTIMIZATION_LEVEL = "-Onone";
			};
			name = Debug;
		};
		B07DC4062668C1A000EBEFAF /* Release */ = {
			isa = XCBuildConfiguration;
			buildSettings = {
				ALWAYS_SEARCH_USER_PATHS = NO;
				CLANG_ANALYZER_NONNULL = YES;
				CLANG_ANALYZER_NUMBER_OBJECT_CONVERSION = YES_AGGRESSIVE;
				CLANG_CXX_LANGUAGE_STANDARD = "gnu++14";
				CLANG_CXX_LIBRARY = "libc++";
				CLANG_ENABLE_MODULES = YES;
				CLANG_ENABLE_OBJC_ARC = YES;
				CLANG_ENABLE_OBJC_WEAK = YES;
				CLANG_WARN_BLOCK_CAPTURE_AUTORELEASING = YES;
				CLANG_WARN_BOOL_CONVERSION = YES;
				CLANG_WARN_COMMA = YES;
				CLANG_WARN_CONSTANT_CONVERSION = YES;
				CLANG_WARN_DEPRECATED_OBJC_IMPLEMENTATIONS = YES;
				CLANG_WARN_DIRECT_OBJC_ISA_USAGE = YES_ERROR;
				CLANG_WARN_DOCUMENTATION_COMMENTS = YES;
				CLANG_WARN_EMPTY_BODY = YES;
				CLANG_WARN_ENUM_CONVERSION = YES;
				CLANG_WARN_INFINITE_RECURSION = YES;
				CLANG_WARN_INT_CONVERSION = YES;
				CLANG_WARN_NON_LITERAL_NULL_CONVERSION = YES;
				CLANG_WARN_OBJC_IMPLICIT_RETAIN_SELF = YES;
				CLANG_WARN_OBJC_LITERAL_CONVERSION = YES;
				CLANG_WARN_OBJC_ROOT_CLASS = YES_ERROR;
				CLANG_WARN_QUOTED_INCLUDE_IN_FRAMEWORK_HEADER = YES;
				CLANG_WARN_RANGE_LOOP_ANALYSIS = YES;
				CLANG_WARN_STRICT_PROTOTYPES = YES;
				CLANG_WARN_SUSPICIOUS_MOVE = YES;
				CLANG_WARN_UNGUARDED_AVAILABILITY = YES_AGGRESSIVE;
				CLANG_WARN_UNREACHABLE_CODE = YES;
				CLANG_WARN__DUPLICATE_METHOD_MATCH = YES;
				COPY_PHASE_STRIP = NO;
				DEBUG_INFORMATION_FORMAT = "dwarf-with-dsym";
				ENABLE_NS_ASSERTIONS = NO;
				ENABLE_STRICT_OBJC_MSGSEND = YES;
				GCC_C_LANGUAGE_STANDARD = gnu11;
				GCC_NO_COMMON_BLOCKS = YES;
				GCC_WARN_64_TO_32_BIT_CONVERSION = YES;
				GCC_WARN_ABOUT_RETURN_TYPE = YES_ERROR;
				GCC_WARN_UNDECLARED_SELECTOR = YES;
				GCC_WARN_UNINITIALIZED_AUTOS = YES_AGGRESSIVE;
				GCC_WARN_UNUSED_FUNCTION = YES;
				GCC_WARN_UNUSED_VARIABLE = YES;
				IPHONEOS_DEPLOYMENT_TARGET = 14.5;
				MTL_ENABLE_DEBUG_INFO = NO;
				MTL_FAST_MATH = YES;
				SDKROOT = iphoneos;
				SWIFT_COMPILATION_MODE = wholemodule;
				SWIFT_OPTIMIZATION_LEVEL = "-O";
				VALIDATE_PRODUCT = YES;
			};
			name = Release;
		};
		B07DC4082668C1A000EBEFAF /* Debug */ = {
			isa = XCBuildConfiguration;
			buildSettings = {
				ASSETCATALOG_COMPILER_APPICON_NAME = AppIcon;
				ASSETCATALOG_COMPILER_GLOBAL_ACCENT_COLOR_NAME = AccentColor;
				CODE_SIGN_STYLE = Automatic;
				DEVELOPMENT_TEAM = 5W8V7NL45W;
				INFOPLIST_FILE = ChatAppWithFirebase/Info.plist;
				LD_RUNPATH_SEARCH_PATHS = (
					"$(inherited)",
					"@executable_path/Frameworks",
				);
				PRODUCT_BUNDLE_IDENTIFIER = com.takano.ChatAppWithFirebase;
				PRODUCT_NAME = "$(TARGET_NAME)";
				SWIFT_VERSION = 5.0;
				TARGETED_DEVICE_FAMILY = "1,2";
			};
			name = Debug;
		};
		B07DC4092668C1A000EBEFAF /* Release */ = {
			isa = XCBuildConfiguration;
			buildSettings = {
				ASSETCATALOG_COMPILER_APPICON_NAME = AppIcon;
				ASSETCATALOG_COMPILER_GLOBAL_ACCENT_COLOR_NAME = AccentColor;
				CODE_SIGN_STYLE = Automatic;
				DEVELOPMENT_TEAM = 5W8V7NL45W;
				INFOPLIST_FILE = ChatAppWithFirebase/Info.plist;
				LD_RUNPATH_SEARCH_PATHS = (
					"$(inherited)",
					"@executable_path/Frameworks",
				);
				PRODUCT_BUNDLE_IDENTIFIER = com.takano.ChatAppWithFirebase;
				PRODUCT_NAME = "$(TARGET_NAME)";
				SWIFT_VERSION = 5.0;
				TARGETED_DEVICE_FAMILY = "1,2";
			};
			name = Release;
		};
		B07DC40B2668C1A000EBEFAF /* Debug */ = {
			isa = XCBuildConfiguration;
			buildSettings = {
				ALWAYS_EMBED_SWIFT_STANDARD_LIBRARIES = YES;
				BUNDLE_LOADER = "$(TEST_HOST)";
				CODE_SIGN_STYLE = Automatic;
				DEVELOPMENT_TEAM = 5W8V7NL45W;
				INFOPLIST_FILE = ChatAppWithFirebaseTests/Info.plist;
				IPHONEOS_DEPLOYMENT_TARGET = 14.5;
				LD_RUNPATH_SEARCH_PATHS = (
					"$(inherited)",
					"@executable_path/Frameworks",
					"@loader_path/Frameworks",
				);
				PRODUCT_BUNDLE_IDENTIFIER = com.takano.ChatAppWithFirebaseTests;
				PRODUCT_NAME = "$(TARGET_NAME)";
				SWIFT_VERSION = 5.0;
				TARGETED_DEVICE_FAMILY = "1,2";
				TEST_HOST = "$(BUILT_PRODUCTS_DIR)/ChatAppWithFirebase.app/ChatAppWithFirebase";
			};
			name = Debug;
		};
		B07DC40C2668C1A000EBEFAF /* Release */ = {
			isa = XCBuildConfiguration;
			buildSettings = {
				ALWAYS_EMBED_SWIFT_STANDARD_LIBRARIES = YES;
				BUNDLE_LOADER = "$(TEST_HOST)";
				CODE_SIGN_STYLE = Automatic;
				DEVELOPMENT_TEAM = 5W8V7NL45W;
				INFOPLIST_FILE = ChatAppWithFirebaseTests/Info.plist;
				IPHONEOS_DEPLOYMENT_TARGET = 14.5;
				LD_RUNPATH_SEARCH_PATHS = (
					"$(inherited)",
					"@executable_path/Frameworks",
					"@loader_path/Frameworks",
				);
				PRODUCT_BUNDLE_IDENTIFIER = com.takano.ChatAppWithFirebaseTests;
				PRODUCT_NAME = "$(TARGET_NAME)";
				SWIFT_VERSION = 5.0;
				TARGETED_DEVICE_FAMILY = "1,2";
				TEST_HOST = "$(BUILT_PRODUCTS_DIR)/ChatAppWithFirebase.app/ChatAppWithFirebase";
			};
			name = Release;
		};
		B07DC40E2668C1A000EBEFAF /* Debug */ = {
			isa = XCBuildConfiguration;
			buildSettings = {
				ALWAYS_EMBED_SWIFT_STANDARD_LIBRARIES = YES;
				CODE_SIGN_STYLE = Automatic;
				DEVELOPMENT_TEAM = 5W8V7NL45W;
				INFOPLIST_FILE = ChatAppWithFirebaseUITests/Info.plist;
				LD_RUNPATH_SEARCH_PATHS = (
					"$(inherited)",
					"@executable_path/Frameworks",
					"@loader_path/Frameworks",
				);
				PRODUCT_BUNDLE_IDENTIFIER = com.takano.ChatAppWithFirebaseUITests;
				PRODUCT_NAME = "$(TARGET_NAME)";
				SWIFT_VERSION = 5.0;
				TARGETED_DEVICE_FAMILY = "1,2";
				TEST_TARGET_NAME = ChatAppWithFirebase;
			};
			name = Debug;
		};
		B07DC40F2668C1A000EBEFAF /* Release */ = {
			isa = XCBuildConfiguration;
			buildSettings = {
				ALWAYS_EMBED_SWIFT_STANDARD_LIBRARIES = YES;
				CODE_SIGN_STYLE = Automatic;
				DEVELOPMENT_TEAM = 5W8V7NL45W;
				INFOPLIST_FILE = ChatAppWithFirebaseUITests/Info.plist;
				LD_RUNPATH_SEARCH_PATHS = (
					"$(inherited)",
					"@executable_path/Frameworks",
					"@loader_path/Frameworks",
				);
				PRODUCT_BUNDLE_IDENTIFIER = com.takano.ChatAppWithFirebaseUITests;
				PRODUCT_NAME = "$(TARGET_NAME)";
				SWIFT_VERSION = 5.0;
				TARGETED_DEVICE_FAMILY = "1,2";
				TEST_TARGET_NAME = ChatAppWithFirebase;
			};
			name = Release;
		};
/* End XCBuildConfiguration section */

/* Begin XCConfigurationList section */
		B07DC3D82668C19A00EBEFAF /* Build configuration list for PBXProject "ChatAppWithFirebase" */ = {
			isa = XCConfigurationList;
			buildConfigurations = (
				B07DC4052668C1A000EBEFAF /* Debug */,
				B07DC4062668C1A000EBEFAF /* Release */,
			);
			defaultConfigurationIsVisible = 0;
			defaultConfigurationName = Release;
		};
		B07DC4072668C1A000EBEFAF /* Build configuration list for PBXNativeTarget "ChatAppWithFirebase" */ = {
			isa = XCConfigurationList;
			buildConfigurations = (
				B07DC4082668C1A000EBEFAF /* Debug */,
				B07DC4092668C1A000EBEFAF /* Release */,
			);
			defaultConfigurationIsVisible = 0;
			defaultConfigurationName = Release;
		};
		B07DC40A2668C1A000EBEFAF /* Build configuration list for PBXNativeTarget "ChatAppWithFirebaseTests" */ = {
			isa = XCConfigurationList;
			buildConfigurations = (
				B07DC40B2668C1A000EBEFAF /* Debug */,
				B07DC40C2668C1A000EBEFAF /* Release */,
			);
			defaultConfigurationIsVisible = 0;
			defaultConfigurationName = Release;
		};
		B07DC40D2668C1A000EBEFAF /* Build configuration list for PBXNativeTarget "ChatAppWithFirebaseUITests" */ = {
			isa = XCConfigurationList;
			buildConfigurations = (
				B07DC40E2668C1A000EBEFAF /* Debug */,
				B07DC40F2668C1A000EBEFAF /* Release */,
			);
			defaultConfigurationIsVisible = 0;
			defaultConfigurationName = Release;
		};
/* End XCConfigurationList section */
	};
	rootObject = B07DC3D52668C19A00EBEFAF /* Project object */;
}
